
Microsoft Visual Studio Solution File, Format Version 12.00
# Visual Studio Version 17
VisualStudioVersion = 17.11.35312.102
MinimumVisualStudioVersion = 10.0.40219.1
Project("{FAE04EC0-301F-11D3-BF4B-00C04F79EFBC}") = "PhamVietTang_Thi", "PhamVietTang_Thi\PhamVietTang_Thi.csproj", "{1C1A41EB-33B0-454B-A537-0CF9EA89B3C7}"
EndProject
Global
	GlobalSection(SolutionConfigurationPlatforms) = preSolution
		Debug|Any CPU = Debug|Any CPU
		Release|Any CPU = Release|Any CPU
	EndGlobalSection
	GlobalSection(ProjectConfigurationPlatforms) = postSolution
		{1C1A41EB-33B0-454B-A537-0CF9EA89B3C7}.Debug|Any CPU.ActiveCfg = Debug|Any CPU
		{1C1A41EB-33B0-454B-A537-0CF9EA89B3C7}.Debug|Any CPU.Build.0 = Debug|Any CPU
		{1C1A41EB-33B0-454B-A537-0CF9EA89B3C7}.Release|Any CPU.ActiveCfg = Release|Any CPU
		{1C1A41EB-33B0-454B-A537-0CF9EA89B3C7}.Release|Any CPU.Build.0 = Release|Any CPU
	EndGlobalSection
	GlobalSection(SolutionProperties) = preSolution
		HideSolutionNode = FALSE
	EndGlobalSection
	GlobalSection(ExtensibilityGlobals) = postSolution
		SolutionGuid = {FE46EDCC-DD4B-485D-9B1B-9549AEB99939}
	EndGlobalSection
EndGlobal
